// !$*UTF8*$!
{
	archiveVersion = 1;
	classes = {
	};
	objectVersion = 50;
	objects = {

/* Begin PBXBuildFile section */
		E666E4D125D1666C00062E4A /* AppDelegate.swift in Sources */ = {isa = PBXBuildFile; fileRef = E666E4D025D1666C00062E4A /* AppDelegate.swift */; };
		E666E4D325D1666C00062E4A /* SceneDelegate.swift in Sources */ = {isa = PBXBuildFile; fileRef = E666E4D225D1666C00062E4A /* SceneDelegate.swift */; };
		E666E4D525D1666C00062E4A /* InitialViewController.swift in Sources */ = {isa = PBXBuildFile; fileRef = E666E4D425D1666C00062E4A /* InitialViewController.swift */; };
		E666E4DB25D1666C00062E4A /* Balloons.xcdatamodeld in Sources */ = {isa = PBXBuildFile; fileRef = E666E4D925D1666C00062E4A /* Balloons.xcdatamodeld */; };
		E666E4DD25D1666D00062E4A /* Assets.xcassets in Resources */ = {isa = PBXBuildFile; fileRef = E666E4DC25D1666D00062E4A /* Assets.xcassets */; };
		E666E4E025D1666D00062E4A /* LaunchScreen.storyboard in Resources */ = {isa = PBXBuildFile; fileRef = E666E4DE25D1666D00062E4A /* LaunchScreen.storyboard */; };
		E666E4FB25D17BC900062E4A /* Colors.swift in Sources */ = {isa = PBXBuildFile; fileRef = E666E4FA25D17BC900062E4A /* Colors.swift */; };
		E666E4FF25D181BE00062E4A /* Font.swift in Sources */ = {isa = PBXBuildFile; fileRef = E666E4FE25D181BE00062E4A /* Font.swift */; };
		E666E50225D1827400062E4A /* InitialView.swift in Sources */ = {isa = PBXBuildFile; fileRef = E666E50125D1827400062E4A /* InitialView.swift */; };
		E666E50625D1841E00062E4A /* InitialTableViewCell.swift in Sources */ = {isa = PBXBuildFile; fileRef = E666E50525D1841E00062E4A /* InitialTableViewCell.swift */; };
		E666E50F25D2CFD800062E4A /* NewBirthdayView.swift in Sources */ = {isa = PBXBuildFile; fileRef = E666E50E25D2CFD800062E4A /* NewBirthdayView.swift */; };
		E666E51425D3243F00062E4A /* NewBirthdayViewController.swift in Sources */ = {isa = PBXBuildFile; fileRef = E666E51325D3243F00062E4A /* NewBirthdayViewController.swift */; };
		E666E52C25D483F900062E4A /* CoreDataStack.swift in Sources */ = {isa = PBXBuildFile; fileRef = E666E52B25D483F900062E4A /* CoreDataStack.swift */; };
		E666E52F25D4891700062E4A /* RepositoryProtocol.swift in Sources */ = {isa = PBXBuildFile; fileRef = E666E52E25D4891700062E4A /* RepositoryProtocol.swift */; };
		E666E53525D489C600062E4A /* BirthdayBiding.swift in Sources */ = {isa = PBXBuildFile; fileRef = E666E53425D489C600062E4A /* BirthdayBiding.swift */; };
		E666E53925D54F3500062E4A /* BirthdayRepository.swift in Sources */ = {isa = PBXBuildFile; fileRef = E666E53825D54F3500062E4A /* BirthdayRepository.swift */; };
		E666E53E25D5576600062E4A /* NewBirthdayViewModelProtocol.swift in Sources */ = {isa = PBXBuildFile; fileRef = E666E53D25D5576600062E4A /* NewBirthdayViewModelProtocol.swift */; };
		E666E54125D557FC00062E4A /* NewBirthdayViewModel.swift in Sources */ = {isa = PBXBuildFile; fileRef = E666E54025D557FC00062E4A /* NewBirthdayViewModel.swift */; };
		E666E54625D5A5A400062E4A /* InitialProtocol.swift in Sources */ = {isa = PBXBuildFile; fileRef = E666E54525D5A5A400062E4A /* InitialProtocol.swift */; };
		E666E54C25D5A6C900062E4A /* InitialViewModel.swift in Sources */ = {isa = PBXBuildFile; fileRef = E666E54B25D5A6C900062E4A /* InitialViewModel.swift */; };
		E666E54F25D5B92D00062E4A /* FixOrientationImage.swift in Sources */ = {isa = PBXBuildFile; fileRef = E666E54E25D5B92D00062E4A /* FixOrientationImage.swift */; };
		E666E55225D5DEF200062E4A /* NewBirthdayDelegate.swift in Sources */ = {isa = PBXBuildFile; fileRef = E666E55125D5DEF200062E4A /* NewBirthdayDelegate.swift */; };
		E6BD1ED025D6B93C003260F4 /* BalloonsTests.swift in Sources */ = {isa = PBXBuildFile; fileRef = E6BD1ECF25D6B93C003260F4 /* BalloonsTests.swift */; };
		E6BD1EDA25D6B97A003260F4 /* BirthdayRepositoryTests.swift in Sources */ = {isa = PBXBuildFile; fileRef = E6BD1ED925D6B97A003260F4 /* BirthdayRepositoryTests.swift */; };
		E6BD1EDE25D6B9FB003260F4 /* TestCoreDataStack.swift in Sources */ = {isa = PBXBuildFile; fileRef = E6BD1EDD25D6B9FB003260F4 /* TestCoreDataStack.swift */; };
		E6BD1EE225D6D10E003260F4 /* NewBirthdayViewModelTests.swift in Sources */ = {isa = PBXBuildFile; fileRef = E6BD1EE125D6D10E003260F4 /* NewBirthdayViewModelTests.swift */; };
		E6BD1EE625D6D936003260F4 /* InitialViewModelTests.swift in Sources */ = {isa = PBXBuildFile; fileRef = E6BD1EE525D6D936003260F4 /* InitialViewModelTests.swift */; };
		E6BD1EF025D6D95D003260F4 /* BalloonsUITests.swift in Sources */ = {isa = PBXBuildFile; fileRef = E6BD1EEF25D6D95D003260F4 /* BalloonsUITests.swift */; };
/* End PBXBuildFile section */

/* Begin PBXContainerItemProxy section */
		E6BD1ED225D6B93C003260F4 /* PBXContainerItemProxy */ = {
			isa = PBXContainerItemProxy;
			containerPortal = E666E4C525D1666C00062E4A /* Project object */;
			proxyType = 1;
			remoteGlobalIDString = E666E4CC25D1666C00062E4A;
			remoteInfo = Balloons;
		};
		E6BD1EF225D6D95D003260F4 /* PBXContainerItemProxy */ = {
			isa = PBXContainerItemProxy;
			containerPortal = E666E4C525D1666C00062E4A /* Project object */;
			proxyType = 1;
			remoteGlobalIDString = E666E4CC25D1666C00062E4A;
			remoteInfo = Balloons;
		};
/* End PBXContainerItemProxy section */

/* Begin PBXFileReference section */
		E666E4CD25D1666C00062E4A /* Balloons.app */ = {isa = PBXFileReference; explicitFileType = wrapper.application; includeInIndex = 0; path = Balloons.app; sourceTree = BUILT_PRODUCTS_DIR; };
		E666E4D025D1666C00062E4A /* AppDelegate.swift */ = {isa = PBXFileReference; lastKnownFileType = sourcecode.swift; path = AppDelegate.swift; sourceTree = "<group>"; };
		E666E4D225D1666C00062E4A /* SceneDelegate.swift */ = {isa = PBXFileReference; lastKnownFileType = sourcecode.swift; path = SceneDelegate.swift; sourceTree = "<group>"; };
		E666E4D425D1666C00062E4A /* InitialViewController.swift */ = {isa = PBXFileReference; lastKnownFileType = sourcecode.swift; path = InitialViewController.swift; sourceTree = "<group>"; };
		E666E4DA25D1666C00062E4A /* Balloons.xcdatamodel */ = {isa = PBXFileReference; lastKnownFileType = wrapper.xcdatamodel; path = Balloons.xcdatamodel; sourceTree = "<group>"; };
		E666E4DC25D1666D00062E4A /* Assets.xcassets */ = {isa = PBXFileReference; lastKnownFileType = folder.assetcatalog; path = Assets.xcassets; sourceTree = "<group>"; };
		E666E4DF25D1666D00062E4A /* Base */ = {isa = PBXFileReference; lastKnownFileType = file.storyboard; name = Base; path = Base.lproj/LaunchScreen.storyboard; sourceTree = "<group>"; };
		E666E4E125D1666D00062E4A /* Info.plist */ = {isa = PBXFileReference; lastKnownFileType = text.plist.xml; path = Info.plist; sourceTree = "<group>"; };
		E666E4FA25D17BC900062E4A /* Colors.swift */ = {isa = PBXFileReference; lastKnownFileType = sourcecode.swift; path = Colors.swift; sourceTree = "<group>"; };
		E666E4FE25D181BE00062E4A /* Font.swift */ = {isa = PBXFileReference; lastKnownFileType = sourcecode.swift; path = Font.swift; sourceTree = "<group>"; };
		E666E50125D1827400062E4A /* InitialView.swift */ = {isa = PBXFileReference; lastKnownFileType = sourcecode.swift; path = InitialView.swift; sourceTree = "<group>"; };
		E666E50525D1841E00062E4A /* InitialTableViewCell.swift */ = {isa = PBXFileReference; lastKnownFileType = sourcecode.swift; path = InitialTableViewCell.swift; sourceTree = "<group>"; };
		E666E50E25D2CFD800062E4A /* NewBirthdayView.swift */ = {isa = PBXFileReference; lastKnownFileType = sourcecode.swift; path = NewBirthdayView.swift; sourceTree = "<group>"; };
		E666E51325D3243F00062E4A /* NewBirthdayViewController.swift */ = {isa = PBXFileReference; lastKnownFileType = sourcecode.swift; path = NewBirthdayViewController.swift; sourceTree = "<group>"; };
		E666E52B25D483F900062E4A /* CoreDataStack.swift */ = {isa = PBXFileReference; lastKnownFileType = sourcecode.swift; path = CoreDataStack.swift; sourceTree = "<group>"; };
		E666E52E25D4891700062E4A /* RepositoryProtocol.swift */ = {isa = PBXFileReference; lastKnownFileType = sourcecode.swift; path = RepositoryProtocol.swift; sourceTree = "<group>"; };
		E666E53425D489C600062E4A /* BirthdayBiding.swift */ = {isa = PBXFileReference; lastKnownFileType = sourcecode.swift; path = BirthdayBiding.swift; sourceTree = "<group>"; };
		E666E53825D54F3500062E4A /* BirthdayRepository.swift */ = {isa = PBXFileReference; lastKnownFileType = sourcecode.swift; path = BirthdayRepository.swift; sourceTree = "<group>"; };
		E666E53D25D5576600062E4A /* NewBirthdayViewModelProtocol.swift */ = {isa = PBXFileReference; lastKnownFileType = sourcecode.swift; path = NewBirthdayViewModelProtocol.swift; sourceTree = "<group>"; };
		E666E54025D557FC00062E4A /* NewBirthdayViewModel.swift */ = {isa = PBXFileReference; lastKnownFileType = sourcecode.swift; path = NewBirthdayViewModel.swift; sourceTree = "<group>"; };
		E666E54525D5A5A400062E4A /* InitialProtocol.swift */ = {isa = PBXFileReference; lastKnownFileType = sourcecode.swift; path = InitialProtocol.swift; sourceTree = "<group>"; };
		E666E54B25D5A6C900062E4A /* InitialViewModel.swift */ = {isa = PBXFileReference; lastKnownFileType = sourcecode.swift; path = InitialViewModel.swift; sourceTree = "<group>"; };
		E666E54E25D5B92D00062E4A /* FixOrientationImage.swift */ = {isa = PBXFileReference; lastKnownFileType = sourcecode.swift; path = FixOrientationImage.swift; sourceTree = "<group>"; };
		E666E55125D5DEF200062E4A /* NewBirthdayDelegate.swift */ = {isa = PBXFileReference; lastKnownFileType = sourcecode.swift; path = NewBirthdayDelegate.swift; sourceTree = "<group>"; };
		E666E55425D5F1F700062E4A /* Balloons.entitlements */ = {isa = PBXFileReference; lastKnownFileType = text.plist.entitlements; path = Balloons.entitlements; sourceTree = "<group>"; };
		E6BD1ECD25D6B93C003260F4 /* BalloonsTests.xctest */ = {isa = PBXFileReference; explicitFileType = wrapper.cfbundle; includeInIndex = 0; path = BalloonsTests.xctest; sourceTree = BUILT_PRODUCTS_DIR; };
		E6BD1ECF25D6B93C003260F4 /* BalloonsTests.swift */ = {isa = PBXFileReference; lastKnownFileType = sourcecode.swift; path = BalloonsTests.swift; sourceTree = "<group>"; };
		E6BD1ED125D6B93C003260F4 /* Info.plist */ = {isa = PBXFileReference; lastKnownFileType = text.plist.xml; path = Info.plist; sourceTree = "<group>"; };
		E6BD1ED925D6B97A003260F4 /* BirthdayRepositoryTests.swift */ = {isa = PBXFileReference; lastKnownFileType = sourcecode.swift; path = BirthdayRepositoryTests.swift; sourceTree = "<group>"; };
		E6BD1EDD25D6B9FB003260F4 /* TestCoreDataStack.swift */ = {isa = PBXFileReference; lastKnownFileType = sourcecode.swift; path = TestCoreDataStack.swift; sourceTree = "<group>"; };
		E6BD1EE125D6D10E003260F4 /* NewBirthdayViewModelTests.swift */ = {isa = PBXFileReference; lastKnownFileType = sourcecode.swift; path = NewBirthdayViewModelTests.swift; sourceTree = "<group>"; };
		E6BD1EE525D6D936003260F4 /* InitialViewModelTests.swift */ = {isa = PBXFileReference; lastKnownFileType = sourcecode.swift; path = InitialViewModelTests.swift; sourceTree = "<group>"; };
		E6BD1EED25D6D95D003260F4 /* BalloonsUITests.xctest */ = {isa = PBXFileReference; explicitFileType = wrapper.cfbundle; includeInIndex = 0; path = BalloonsUITests.xctest; sourceTree = BUILT_PRODUCTS_DIR; };
		E6BD1EEF25D6D95D003260F4 /* BalloonsUITests.swift */ = {isa = PBXFileReference; lastKnownFileType = sourcecode.swift; path = BalloonsUITests.swift; sourceTree = "<group>"; };
		E6BD1EF125D6D95D003260F4 /* Info.plist */ = {isa = PBXFileReference; lastKnownFileType = text.plist.xml; path = Info.plist; sourceTree = "<group>"; };
/* End PBXFileReference section */

/* Begin PBXFrameworksBuildPhase section */
		E666E4CA25D1666C00062E4A /* Frameworks */ = {
			isa = PBXFrameworksBuildPhase;
			buildActionMask = 2147483647;
			files = (
			);
			runOnlyForDeploymentPostprocessing = 0;
		};
		E6BD1ECA25D6B93C003260F4 /* Frameworks */ = {
			isa = PBXFrameworksBuildPhase;
			buildActionMask = 2147483647;
			files = (
			);
			runOnlyForDeploymentPostprocessing = 0;
		};
		E6BD1EEA25D6D95D003260F4 /* Frameworks */ = {
			isa = PBXFrameworksBuildPhase;
			buildActionMask = 2147483647;
			files = (
			);
			runOnlyForDeploymentPostprocessing = 0;
		};
/* End PBXFrameworksBuildPhase section */

/* Begin PBXGroup section */
		E666E4C425D1666C00062E4A = {
			isa = PBXGroup;
			children = (
				E666E4CF25D1666C00062E4A /* Balloons */,
				E6BD1ECE25D6B93C003260F4 /* BalloonsTests */,
				E6BD1EEE25D6D95D003260F4 /* BalloonsUITests */,
				E666E4CE25D1666C00062E4A /* Products */,
			);
			sourceTree = "<group>";
		};
		E666E4CE25D1666C00062E4A /* Products */ = {
			isa = PBXGroup;
			children = (
				E666E4CD25D1666C00062E4A /* Balloons.app */,
				E6BD1ECD25D6B93C003260F4 /* BalloonsTests.xctest */,
				E6BD1EED25D6D95D003260F4 /* BalloonsUITests.xctest */,
			);
			name = Products;
			sourceTree = "<group>";
		};
		E666E4CF25D1666C00062E4A /* Balloons */ = {
			isa = PBXGroup;
			children = (
				E666E55425D5F1F700062E4A /* Balloons.entitlements */,
				E666E4F525D17A8900062E4A /* View */,
				E666E4F725D17A9700062E4A /* ViewModel */,
				E666E4F625D17A8F00062E4A /* Model */,
				E666E4F825D17ACF00062E4A /* Utils */,
				E666E4F925D17AD800062E4A /* Shared */,
				E666E4DC25D1666D00062E4A /* Assets.xcassets */,
				E666E4E125D1666D00062E4A /* Info.plist */,
				E666E4D925D1666C00062E4A /* Balloons.xcdatamodeld */,
			);
			path = Balloons;
			sourceTree = "<group>";
		};
		E666E4F525D17A8900062E4A /* View */ = {
			isa = PBXGroup;
			children = (
				E666E54425D5A54400062E4A /* InitialView */,
				E666E52725D42A2C00062E4A /* NewBirthdayView */,
				E666E4DE25D1666D00062E4A /* LaunchScreen.storyboard */,
			);
			path = View;
			sourceTree = "<group>";
		};
		E666E4F625D17A8F00062E4A /* Model */ = {
			isa = PBXGroup;
			children = (
				E666E52B25D483F900062E4A /* CoreDataStack.swift */,
				E666E53425D489C600062E4A /* BirthdayBiding.swift */,
				E666E53825D54F3500062E4A /* BirthdayRepository.swift */,
			);
			path = Model;
			sourceTree = "<group>";
		};
		E666E4F725D17A9700062E4A /* ViewModel */ = {
			isa = PBXGroup;
			children = (
				E666E54025D557FC00062E4A /* NewBirthdayViewModel.swift */,
				E666E54B25D5A6C900062E4A /* InitialViewModel.swift */,
			);
			path = ViewModel;
			sourceTree = "<group>";
		};
		E666E4F825D17ACF00062E4A /* Utils */ = {
			isa = PBXGroup;
			children = (
				E666E53325D489A300062E4A /* Protocols */,
				E666E53125D4899B00062E4A /* Extensions */,
			);
			path = Utils;
			sourceTree = "<group>";
		};
		E666E4F925D17AD800062E4A /* Shared */ = {
			isa = PBXGroup;
			children = (
				E666E4D025D1666C00062E4A /* AppDelegate.swift */,
				E666E4D225D1666C00062E4A /* SceneDelegate.swift */,
			);
			path = Shared;
			sourceTree = "<group>";
		};
		E666E52725D42A2C00062E4A /* NewBirthdayView */ = {
			isa = PBXGroup;
			children = (
				E666E51325D3243F00062E4A /* NewBirthdayViewController.swift */,
				E666E50E25D2CFD800062E4A /* NewBirthdayView.swift */,
			);
			path = NewBirthdayView;
			sourceTree = "<group>";
		};
		E666E53125D4899B00062E4A /* Extensions */ = {
			isa = PBXGroup;
			children = (
				E666E4FA25D17BC900062E4A /* Colors.swift */,
				E666E4FE25D181BE00062E4A /* Font.swift */,
				E666E54E25D5B92D00062E4A /* FixOrientationImage.swift */,
			);
			path = Extensions;
			sourceTree = "<group>";
		};
		E666E53325D489A300062E4A /* Protocols */ = {
			isa = PBXGroup;
			children = (
				E666E52E25D4891700062E4A /* RepositoryProtocol.swift */,
				E666E53D25D5576600062E4A /* NewBirthdayViewModelProtocol.swift */,
				E666E54525D5A5A400062E4A /* InitialProtocol.swift */,
				E666E55125D5DEF200062E4A /* NewBirthdayDelegate.swift */,
			);
			path = Protocols;
			sourceTree = "<group>";
		};
		E666E54425D5A54400062E4A /* InitialView */ = {
			isa = PBXGroup;
			children = (
				E666E4D425D1666C00062E4A /* InitialViewController.swift */,
				E666E50125D1827400062E4A /* InitialView.swift */,
				E666E50525D1841E00062E4A /* InitialTableViewCell.swift */,
			);
			path = InitialView;
			sourceTree = "<group>";
		};
		E6BD1ECE25D6B93C003260F4 /* BalloonsTests */ = {
			isa = PBXGroup;
			children = (
				E6BD1ECF25D6B93C003260F4 /* BalloonsTests.swift */,
				E6BD1ED125D6B93C003260F4 /* Info.plist */,
				E6BD1ED925D6B97A003260F4 /* BirthdayRepositoryTests.swift */,
				E6BD1EDD25D6B9FB003260F4 /* TestCoreDataStack.swift */,
				E6BD1EE125D6D10E003260F4 /* NewBirthdayViewModelTests.swift */,
				E6BD1EE525D6D936003260F4 /* InitialViewModelTests.swift */,
			);
			path = BalloonsTests;
			sourceTree = "<group>";
		};
		E6BD1EEE25D6D95D003260F4 /* BalloonsUITests */ = {
			isa = PBXGroup;
			children = (
				E6BD1EEF25D6D95D003260F4 /* BalloonsUITests.swift */,
				E6BD1EF125D6D95D003260F4 /* Info.plist */,
			);
			path = BalloonsUITests;
			sourceTree = "<group>";
		};
/* End PBXGroup section */

/* Begin PBXNativeTarget section */
		E666E4CC25D1666C00062E4A /* Balloons */ = {
			isa = PBXNativeTarget;
			buildConfigurationList = E666E4E425D1666D00062E4A /* Build configuration list for PBXNativeTarget "Balloons" */;
			buildPhases = (
				E666E4C925D1666C00062E4A /* Sources */,
				E666E4CA25D1666C00062E4A /* Frameworks */,
				E666E4CB25D1666C00062E4A /* Resources */,
				E666E4E825D1678A00062E4A /* ShellScript */,
			);
			buildRules = (
			);
			dependencies = (
			);
			name = Balloons;
			productName = Balloons;
			productReference = E666E4CD25D1666C00062E4A /* Balloons.app */;
			productType = "com.apple.product-type.application";
		};
		E6BD1ECC25D6B93C003260F4 /* BalloonsTests */ = {
			isa = PBXNativeTarget;
			buildConfigurationList = E6BD1ED625D6B93C003260F4 /* Build configuration list for PBXNativeTarget "BalloonsTests" */;
			buildPhases = (
				E6BD1EC925D6B93C003260F4 /* Sources */,
				E6BD1ECA25D6B93C003260F4 /* Frameworks */,
				E6BD1ECB25D6B93C003260F4 /* Resources */,
			);
			buildRules = (
			);
			dependencies = (
				E6BD1ED325D6B93C003260F4 /* PBXTargetDependency */,
			);
			name = BalloonsTests;
			productName = BalloonsTests;
			productReference = E6BD1ECD25D6B93C003260F4 /* BalloonsTests.xctest */;
			productType = "com.apple.product-type.bundle.unit-test";
		};
		E6BD1EEC25D6D95D003260F4 /* BalloonsUITests */ = {
			isa = PBXNativeTarget;
			buildConfigurationList = E6BD1EF425D6D95D003260F4 /* Build configuration list for PBXNativeTarget "BalloonsUITests" */;
			buildPhases = (
				E6BD1EE925D6D95D003260F4 /* Sources */,
				E6BD1EEA25D6D95D003260F4 /* Frameworks */,
				E6BD1EEB25D6D95D003260F4 /* Resources */,
			);
			buildRules = (
			);
			dependencies = (
				E6BD1EF325D6D95D003260F4 /* PBXTargetDependency */,
			);
			name = BalloonsUITests;
			productName = BalloonsUITests;
			productReference = E6BD1EED25D6D95D003260F4 /* BalloonsUITests.xctest */;
			productType = "com.apple.product-type.bundle.ui-testing";
		};
/* End PBXNativeTarget section */

/* Begin PBXProject section */
		E666E4C525D1666C00062E4A /* Project object */ = {
			isa = PBXProject;
			attributes = {
				LastSwiftUpdateCheck = 1240;
				LastUpgradeCheck = 1220;
				TargetAttributes = {
					E666E4CC25D1666C00062E4A = {
						CreatedOnToolsVersion = 12.2;
					};
					E6BD1ECC25D6B93C003260F4 = {
						CreatedOnToolsVersion = 12.4;
						TestTargetID = E666E4CC25D1666C00062E4A;
					};
					E6BD1EEC25D6D95D003260F4 = {
						CreatedOnToolsVersion = 12.4;
						TestTargetID = E666E4CC25D1666C00062E4A;
					};
				};
			};
			buildConfigurationList = E666E4C825D1666C00062E4A /* Build configuration list for PBXProject "Balloons" */;
			compatibilityVersion = "Xcode 9.3";
			developmentRegion = en;
			hasScannedForEncodings = 0;
			knownRegions = (
				en,
				Base,
			);
			mainGroup = E666E4C425D1666C00062E4A;
			productRefGroup = E666E4CE25D1666C00062E4A /* Products */;
			projectDirPath = "";
			projectRoot = "";
			targets = (
				E666E4CC25D1666C00062E4A /* Balloons */,
				E6BD1ECC25D6B93C003260F4 /* BalloonsTests */,
				E6BD1EEC25D6D95D003260F4 /* BalloonsUITests */,
			);
		};
/* End PBXProject section */

/* Begin PBXResourcesBuildPhase section */
		E666E4CB25D1666C00062E4A /* Resources */ = {
			isa = PBXResourcesBuildPhase;
			buildActionMask = 2147483647;
			files = (
				E666E4E025D1666D00062E4A /* LaunchScreen.storyboard in Resources */,
				E666E4DD25D1666D00062E4A /* Assets.xcassets in Resources */,
			);
			runOnlyForDeploymentPostprocessing = 0;
		};
		E6BD1ECB25D6B93C003260F4 /* Resources */ = {
			isa = PBXResourcesBuildPhase;
			buildActionMask = 2147483647;
			files = (
			);
			runOnlyForDeploymentPostprocessing = 0;
		};
		E6BD1EEB25D6D95D003260F4 /* Resources */ = {
			isa = PBXResourcesBuildPhase;
			buildActionMask = 2147483647;
			files = (
			);
			runOnlyForDeploymentPostprocessing = 0;
		};
/* End PBXResourcesBuildPhase section */

/* Begin PBXShellScriptBuildPhase section */
		E666E4E825D1678A00062E4A /* ShellScript */ = {
			isa = PBXShellScriptBuildPhase;
			buildActionMask = 2147483647;
			files = (
			);
			inputFileListPaths = (
			);
			inputPaths = (
			);
			outputFileListPaths = (
			);
			outputPaths = (
			);
			runOnlyForDeploymentPostprocessing = 0;
			shellPath = /bin/sh;
			shellScript = "if which swiftlint >/dev/null; then\nswiftlint\nelse\necho \"warning: Swiftlint not installed, download from https://github.com/realm/SwiftLint\"\nfi\n";
		};
/* End PBXShellScriptBuildPhase section */

/* Begin PBXSourcesBuildPhase section */
		E666E4C925D1666C00062E4A /* Sources */ = {
			isa = PBXSourcesBuildPhase;
			buildActionMask = 2147483647;
			files = (
				E666E4D525D1666C00062E4A /* InitialViewController.swift in Sources */,
				E666E53E25D5576600062E4A /* NewBirthdayViewModelProtocol.swift in Sources */,
				E666E54125D557FC00062E4A /* NewBirthdayViewModel.swift in Sources */,
				E666E4FB25D17BC900062E4A /* Colors.swift in Sources */,
				E666E53925D54F3500062E4A /* BirthdayRepository.swift in Sources */,
				E666E54C25D5A6C900062E4A /* InitialViewModel.swift in Sources */,
				E666E51425D3243F00062E4A /* NewBirthdayViewController.swift in Sources */,
				E666E50625D1841E00062E4A /* InitialTableViewCell.swift in Sources */,
				E666E50F25D2CFD800062E4A /* NewBirthdayView.swift in Sources */,
				E666E52F25D4891700062E4A /* RepositoryProtocol.swift in Sources */,
				E666E4FF25D181BE00062E4A /* Font.swift in Sources */,
				E666E52C25D483F900062E4A /* CoreDataStack.swift in Sources */,
				E666E4D125D1666C00062E4A /* AppDelegate.swift in Sources */,
				E666E54625D5A5A400062E4A /* InitialProtocol.swift in Sources */,
				E666E4D325D1666C00062E4A /* SceneDelegate.swift in Sources */,
				E666E54F25D5B92D00062E4A /* FixOrientationImage.swift in Sources */,
				E666E55225D5DEF200062E4A /* NewBirthdayDelegate.swift in Sources */,
				E666E53525D489C600062E4A /* BirthdayBiding.swift in Sources */,
				E666E50225D1827400062E4A /* InitialView.swift in Sources */,
				E666E4DB25D1666C00062E4A /* Balloons.xcdatamodeld in Sources */,
			);
			runOnlyForDeploymentPostprocessing = 0;
		};
		E6BD1EC925D6B93C003260F4 /* Sources */ = {
			isa = PBXSourcesBuildPhase;
			buildActionMask = 2147483647;
			files = (
				E6BD1EDA25D6B97A003260F4 /* BirthdayRepositoryTests.swift in Sources */,
				E6BD1ED025D6B93C003260F4 /* BalloonsTests.swift in Sources */,
				E6BD1EE225D6D10E003260F4 /* NewBirthdayViewModelTests.swift in Sources */,
				E6BD1EE625D6D936003260F4 /* InitialViewModelTests.swift in Sources */,
				E6BD1EDE25D6B9FB003260F4 /* TestCoreDataStack.swift in Sources */,
			);
			runOnlyForDeploymentPostprocessing = 0;
		};
		E6BD1EE925D6D95D003260F4 /* Sources */ = {
			isa = PBXSourcesBuildPhase;
			buildActionMask = 2147483647;
			files = (
				E6BD1EF025D6D95D003260F4 /* BalloonsUITests.swift in Sources */,
			);
			runOnlyForDeploymentPostprocessing = 0;
		};
/* End PBXSourcesBuildPhase section */

/* Begin PBXTargetDependency section */
		E6BD1ED325D6B93C003260F4 /* PBXTargetDependency */ = {
			isa = PBXTargetDependency;
			target = E666E4CC25D1666C00062E4A /* Balloons */;
			targetProxy = E6BD1ED225D6B93C003260F4 /* PBXContainerItemProxy */;
		};
		E6BD1EF325D6D95D003260F4 /* PBXTargetDependency */ = {
			isa = PBXTargetDependency;
			target = E666E4CC25D1666C00062E4A /* Balloons */;
			targetProxy = E6BD1EF225D6D95D003260F4 /* PBXContainerItemProxy */;
		};
/* End PBXTargetDependency section */

/* Begin PBXVariantGroup section */
		E666E4DE25D1666D00062E4A /* LaunchScreen.storyboard */ = {
			isa = PBXVariantGroup;
			children = (
				E666E4DF25D1666D00062E4A /* Base */,
			);
			name = LaunchScreen.storyboard;
			sourceTree = "<group>";
		};
/* End PBXVariantGroup section */

/* Begin XCBuildConfiguration section */
		E666E4E225D1666D00062E4A /* Debug */ = {
			isa = XCBuildConfiguration;
			buildSettings = {
				ALWAYS_SEARCH_USER_PATHS = NO;
				CLANG_ANALYZER_NONNULL = YES;
				CLANG_ANALYZER_NUMBER_OBJECT_CONVERSION = YES_AGGRESSIVE;
				CLANG_CXX_LANGUAGE_STANDARD = "gnu++14";
				CLANG_CXX_LIBRARY = "libc++";
				CLANG_ENABLE_MODULES = YES;
				CLANG_ENABLE_OBJC_ARC = YES;
				CLANG_ENABLE_OBJC_WEAK = YES;
				CLANG_WARN_BLOCK_CAPTURE_AUTORELEASING = YES;
				CLANG_WARN_BOOL_CONVERSION = YES;
				CLANG_WARN_COMMA = YES;
				CLANG_WARN_CONSTANT_CONVERSION = YES;
				CLANG_WARN_DEPRECATED_OBJC_IMPLEMENTATIONS = YES;
				CLANG_WARN_DIRECT_OBJC_ISA_USAGE = YES_ERROR;
				CLANG_WARN_DOCUMENTATION_COMMENTS = YES;
				CLANG_WARN_EMPTY_BODY = YES;
				CLANG_WARN_ENUM_CONVERSION = YES;
				CLANG_WARN_INFINITE_RECURSION = YES;
				CLANG_WARN_INT_CONVERSION = YES;
				CLANG_WARN_NON_LITERAL_NULL_CONVERSION = YES;
				CLANG_WARN_OBJC_IMPLICIT_RETAIN_SELF = YES;
				CLANG_WARN_OBJC_LITERAL_CONVERSION = YES;
				CLANG_WARN_OBJC_ROOT_CLASS = YES_ERROR;
				CLANG_WARN_QUOTED_INCLUDE_IN_FRAMEWORK_HEADER = YES;
				CLANG_WARN_RANGE_LOOP_ANALYSIS = YES;
				CLANG_WARN_STRICT_PROTOTYPES = YES;
				CLANG_WARN_SUSPICIOUS_MOVE = YES;
				CLANG_WARN_UNGUARDED_AVAILABILITY = YES_AGGRESSIVE;
				CLANG_WARN_UNREACHABLE_CODE = YES;
				CLANG_WARN__DUPLICATE_METHOD_MATCH = YES;
				COPY_PHASE_STRIP = NO;
				DEBUG_INFORMATION_FORMAT = dwarf;
				ENABLE_STRICT_OBJC_MSGSEND = YES;
				ENABLE_TESTABILITY = YES;
				GCC_C_LANGUAGE_STANDARD = gnu11;
				GCC_DYNAMIC_NO_PIC = NO;
				GCC_NO_COMMON_BLOCKS = YES;
				GCC_OPTIMIZATION_LEVEL = 0;
				GCC_PREPROCESSOR_DEFINITIONS = (
					"DEBUG=1",
					"$(inherited)",
				);
				GCC_WARN_64_TO_32_BIT_CONVERSION = YES;
				GCC_WARN_ABOUT_RETURN_TYPE = YES_ERROR;
				GCC_WARN_UNDECLARED_SELECTOR = YES;
				GCC_WARN_UNINITIALIZED_AUTOS = YES_AGGRESSIVE;
				GCC_WARN_UNUSED_FUNCTION = YES;
				GCC_WARN_UNUSED_VARIABLE = YES;
				IPHONEOS_DEPLOYMENT_TARGET = 13.1;
				MTL_ENABLE_DEBUG_INFO = INCLUDE_SOURCE;
				MTL_FAST_MATH = YES;
				ONLY_ACTIVE_ARCH = YES;
				SDKROOT = iphoneos;
				SWIFT_ACTIVE_COMPILATION_CONDITIONS = DEBUG;
				SWIFT_OPTIMIZATION_LEVEL = "-Onone";
			};
			name = Debug;
		};
		E666E4E325D1666D00062E4A /* Release */ = {
			isa = XCBuildConfiguration;
			buildSettings = {
				ALWAYS_SEARCH_USER_PATHS = NO;
				CLANG_ANALYZER_NONNULL = YES;
				CLANG_ANALYZER_NUMBER_OBJECT_CONVERSION = YES_AGGRESSIVE;
				CLANG_CXX_LANGUAGE_STANDARD = "gnu++14";
				CLANG_CXX_LIBRARY = "libc++";
				CLANG_ENABLE_MODULES = YES;
				CLANG_ENABLE_OBJC_ARC = YES;
				CLANG_ENABLE_OBJC_WEAK = YES;
				CLANG_WARN_BLOCK_CAPTURE_AUTORELEASING = YES;
				CLANG_WARN_BOOL_CONVERSION = YES;
				CLANG_WARN_COMMA = YES;
				CLANG_WARN_CONSTANT_CONVERSION = YES;
				CLANG_WARN_DEPRECATED_OBJC_IMPLEMENTATIONS = YES;
				CLANG_WARN_DIRECT_OBJC_ISA_USAGE = YES_ERROR;
				CLANG_WARN_DOCUMENTATION_COMMENTS = YES;
				CLANG_WARN_EMPTY_BODY = YES;
				CLANG_WARN_ENUM_CONVERSION = YES;
				CLANG_WARN_INFINITE_RECURSION = YES;
				CLANG_WARN_INT_CONVERSION = YES;
				CLANG_WARN_NON_LITERAL_NULL_CONVERSION = YES;
				CLANG_WARN_OBJC_IMPLICIT_RETAIN_SELF = YES;
				CLANG_WARN_OBJC_LITERAL_CONVERSION = YES;
				CLANG_WARN_OBJC_ROOT_CLASS = YES_ERROR;
				CLANG_WARN_QUOTED_INCLUDE_IN_FRAMEWORK_HEADER = YES;
				CLANG_WARN_RANGE_LOOP_ANALYSIS = YES;
				CLANG_WARN_STRICT_PROTOTYPES = YES;
				CLANG_WARN_SUSPICIOUS_MOVE = YES;
				CLANG_WARN_UNGUARDED_AVAILABILITY = YES_AGGRESSIVE;
				CLANG_WARN_UNREACHABLE_CODE = YES;
				CLANG_WARN__DUPLICATE_METHOD_MATCH = YES;
				COPY_PHASE_STRIP = NO;
				DEBUG_INFORMATION_FORMAT = "dwarf-with-dsym";
				ENABLE_NS_ASSERTIONS = NO;
				ENABLE_STRICT_OBJC_MSGSEND = YES;
				GCC_C_LANGUAGE_STANDARD = gnu11;
				GCC_NO_COMMON_BLOCKS = YES;
				GCC_WARN_64_TO_32_BIT_CONVERSION = YES;
				GCC_WARN_ABOUT_RETURN_TYPE = YES_ERROR;
				GCC_WARN_UNDECLARED_SELECTOR = YES;
				GCC_WARN_UNINITIALIZED_AUTOS = YES_AGGRESSIVE;
				GCC_WARN_UNUSED_FUNCTION = YES;
				GCC_WARN_UNUSED_VARIABLE = YES;
				IPHONEOS_DEPLOYMENT_TARGET = 13.1;
				MTL_ENABLE_DEBUG_INFO = NO;
				MTL_FAST_MATH = YES;
				SDKROOT = iphoneos;
				SWIFT_COMPILATION_MODE = wholemodule;
				SWIFT_OPTIMIZATION_LEVEL = "-O";
				VALIDATE_PRODUCT = YES;
			};
			name = Release;
		};
		E666E4E525D1666D00062E4A /* Debug */ = {
			isa = XCBuildConfiguration;
			buildSettings = {
				ASSETCATALOG_COMPILER_APPICON_NAME = AppIcon;
				ASSETCATALOG_COMPILER_GLOBAL_ACCENT_COLOR_NAME = AccentColor;
				CODE_SIGN_ENTITLEMENTS = Balloons/Balloons.entitlements;
				CODE_SIGN_STYLE = Automatic;
				DEVELOPMENT_TEAM = QQK85Y8S7P;
				INFOPLIST_FILE = Balloons/Info.plist;
				LD_RUNPATH_SEARCH_PATHS = (
					"$(inherited)",
					"@executable_path/Frameworks",
				);
				PRODUCT_BUNDLE_IDENTIFIER = com.brenaamorim.Balloons;
				PRODUCT_NAME = "$(TARGET_NAME)";
				SWIFT_VERSION = 5.0;
				TARGETED_DEVICE_FAMILY = 1;
			};
			name = Debug;
		};
		E666E4E625D1666D00062E4A /* Release */ = {
			isa = XCBuildConfiguration;
			buildSettings = {
				ASSETCATALOG_COMPILER_APPICON_NAME = AppIcon;
				ASSETCATALOG_COMPILER_GLOBAL_ACCENT_COLOR_NAME = AccentColor;
				CODE_SIGN_ENTITLEMENTS = Balloons/Balloons.entitlements;
				CODE_SIGN_STYLE = Automatic;
				DEVELOPMENT_TEAM = QQK85Y8S7P;
				INFOPLIST_FILE = Balloons/Info.plist;
				LD_RUNPATH_SEARCH_PATHS = (
					"$(inherited)",
					"@executable_path/Frameworks",
				);
				PRODUCT_BUNDLE_IDENTIFIER = com.brenaamorim.Balloons;
				PRODUCT_NAME = "$(TARGET_NAME)";
				SWIFT_VERSION = 5.0;
				TARGETED_DEVICE_FAMILY = 1;
			};
			name = Release;
		};
		E6BD1ED425D6B93C003260F4 /* Debug */ = {
			isa = XCBuildConfiguration;
			buildSettings = {
				BUNDLE_LOADER = "$(TEST_HOST)";
				CODE_SIGN_STYLE = Automatic;
				DEVELOPMENT_TEAM = QQK85Y8S7P;
				INFOPLIST_FILE = BalloonsTests/Info.plist;
				IPHONEOS_DEPLOYMENT_TARGET = 14.4;
				LD_RUNPATH_SEARCH_PATHS = (
					"$(inherited)",
					"@executable_path/Frameworks",
					"@loader_path/Frameworks",
				);
				PRODUCT_BUNDLE_IDENTIFIER = com.brenaamorim.BalloonsTests;
				PRODUCT_NAME = "$(TARGET_NAME)";
				SWIFT_VERSION = 5.0;
				TARGETED_DEVICE_FAMILY = "1,2";
				TEST_HOST = "$(BUILT_PRODUCTS_DIR)/Balloons.app/Balloons";
			};
			name = Debug;
		};
		E6BD1ED525D6B93C003260F4 /* Release */ = {
			isa = XCBuildConfiguration;
			buildSettings = {
				BUNDLE_LOADER = "$(TEST_HOST)";
				CODE_SIGN_STYLE = Automatic;
				DEVELOPMENT_TEAM = QQK85Y8S7P;
				INFOPLIST_FILE = BalloonsTests/Info.plist;
				IPHONEOS_DEPLOYMENT_TARGET = 14.4;
				LD_RUNPATH_SEARCH_PATHS = (
					"$(inherited)",
					"@executable_path/Frameworks",
					"@loader_path/Frameworks",
				);
				PRODUCT_BUNDLE_IDENTIFIER = com.brenaamorim.BalloonsTests;
				PRODUCT_NAME = "$(TARGET_NAME)";
				SWIFT_VERSION = 5.0;
				TARGETED_DEVICE_FAMILY = "1,2";
				TEST_HOST = "$(BUILT_PRODUCTS_DIR)/Balloons.app/Balloons";
			};
			name = Release;
		};
		E6BD1EF525D6D95D003260F4 /* Debug */ = {
			isa = XCBuildConfiguration;
			buildSettings = {
				CODE_SIGN_STYLE = Automatic;
				DEVELOPMENT_TEAM = QQK85Y8S7P;
				INFOPLIST_FILE = BalloonsUITests/Info.plist;
				IPHONEOS_DEPLOYMENT_TARGET = 14.4;
				LD_RUNPATH_SEARCH_PATHS = (
					"$(inherited)",
					"@executable_path/Frameworks",
					"@loader_path/Frameworks",
				);
				PRODUCT_BUNDLE_IDENTIFIER = com.brenaamorim.BalloonsUITests;
				PRODUCT_NAME = "$(TARGET_NAME)";
				SWIFT_VERSION = 5.0;
				TARGETED_DEVICE_FAMILY = "1,2";
				TEST_TARGET_NAME = Balloons;
			};
			name = Debug;
		};
		E6BD1EF625D6D95D003260F4 /* Release */ = {
			isa = XCBuildConfiguration;
			buildSettings = {
				CODE_SIGN_STYLE = Automatic;
				DEVELOPMENT_TEAM = QQK85Y8S7P;
				INFOPLIST_FILE = BalloonsUITests/Info.plist;
				IPHONEOS_DEPLOYMENT_TARGET = 14.4;
				LD_RUNPATH_SEARCH_PATHS = (
					"$(inherited)",
					"@executable_path/Frameworks",
					"@loader_path/Frameworks",
				);
				PRODUCT_BUNDLE_IDENTIFIER = com.brenaamorim.BalloonsUITests;
				PRODUCT_NAME = "$(TARGET_NAME)";
				SWIFT_VERSION = 5.0;
				TARGETED_DEVICE_FAMILY = "1,2";
				TEST_TARGET_NAME = Balloons;
			};
			name = Release;
		};
/* End XCBuildConfiguration section */

/* Begin XCConfigurationList section */
		E666E4C825D1666C00062E4A /* Build configuration list for PBXProject "Balloons" */ = {
			isa = XCConfigurationList;
			buildConfigurations = (
				E666E4E225D1666D00062E4A /* Debug */,
				E666E4E325D1666D00062E4A /* Release */,
			);
			defaultConfigurationIsVisible = 0;
			defaultConfigurationName = Release;
		};
		E666E4E425D1666D00062E4A /* Build configuration list for PBXNativeTarget "Balloons" */ = {
			isa = XCConfigurationList;
			buildConfigurations = (
				E666E4E525D1666D00062E4A /* Debug */,
				E666E4E625D1666D00062E4A /* Release */,
			);
			defaultConfigurationIsVisible = 0;
			defaultConfigurationName = Release;
		};
		E6BD1ED625D6B93C003260F4 /* Build configuration list for PBXNativeTarget "BalloonsTests" */ = {
			isa = XCConfigurationList;
			buildConfigurations = (
				E6BD1ED425D6B93C003260F4 /* Debug */,
				E6BD1ED525D6B93C003260F4 /* Release */,
			);
			defaultConfigurationIsVisible = 0;
			defaultConfigurationName = Release;
		};
		E6BD1EF425D6D95D003260F4 /* Build configuration list for PBXNativeTarget "BalloonsUITests" */ = {
			isa = XCConfigurationList;
			buildConfigurations = (
				E6BD1EF525D6D95D003260F4 /* Debug */,
				E6BD1EF625D6D95D003260F4 /* Release */,
			);
			defaultConfigurationIsVisible = 0;
			defaultConfigurationName = Release;
		};
/* End XCConfigurationList section */

/* Begin XCVersionGroup section */
		E666E4D925D1666C00062E4A /* Balloons.xcdatamodeld */ = {
			isa = XCVersionGroup;
			children = (
				E666E4DA25D1666C00062E4A /* Balloons.xcdatamodel */,
			);
			currentVersion = E666E4DA25D1666C00062E4A /* Balloons.xcdatamodel */;
			path = Balloons.xcdatamodeld;
			sourceTree = "<group>";
			versionGroupType = wrapper.xcdatamodel;
		};
/* End XCVersionGroup section */
	};
	rootObject = E666E4C525D1666C00062E4A /* Project object */;
}
